
Microsoft Visual Studio Solution File, Format Version 12.00
# Visual Studio Version 17
VisualStudioVersion = 17.11.35222.181
MinimumVisualStudioVersion = 10.0.40219.1
Project("{FAE04EC0-301F-11D3-BF4B-00C04F79EFBC}") = "EntityFrameworkTest", "EntityFrameworkTest\EntityFrameworkTest.csproj", "{B3296DCB-E127-4CAC-B2FF-44F6CFB35F6A}"
EndProject
Global
	GlobalSection(SolutionConfigurationPlatforms) = preSolution
		Debug|Any CPU = Debug|Any CPU
		Release|Any CPU = Release|Any CPU
	EndGlobalSection
	GlobalSection(ProjectConfigurationPlatforms) = postSolution
		{B3296DCB-E127-4CAC-B2FF-44F6CFB35F6A}.Debug|Any CPU.ActiveCfg = Debug|Any CPU
		{B3296DCB-E127-4CAC-B2FF-44F6CFB35F6A}.Debug|Any CPU.Build.0 = Debug|Any CPU
		{B3296DCB-E127-4CAC-B2FF-44F6CFB35F6A}.Release|Any CPU.ActiveCfg = Release|Any CPU
		{B3296DCB-E127-4CAC-B2FF-44F6CFB35F6A}.Release|Any CPU.Build.0 = Release|Any CPU
	EndGlobalSection
	GlobalSection(SolutionProperties) = preSolution
		HideSolutionNode = FALSE
	EndGlobalSection
	GlobalSection(ExtensibilityGlobals) = postSolution
		SolutionGuid = {89A5C703-C6CD-4201-82FE-29D324A446DA}
	EndGlobalSection
EndGlobal
